
Microsoft Visual Studio Solution File, Format Version 12.00
# Visual Studio 14
VisualStudioVersion = 14.0.25420.1
MinimumVisualStudioVersion = 10.0.40219.1
Project("{FAE04EC0-301F-11D3-BF4B-00C04F79EFBC}") = "CalculatorApp.Core", "CalculatorApp.Core\CalculatorApp.Core.csproj", "{06E091C0-2F61-48B8-8554-C18F5C031DAF}"
EndProject
Project("{FAE04EC0-301F-11D3-BF4B-00C04F79EFBC}") = "CalculatorApp.Testing", "CalculatorApp.Testing\CalculatorApp.Testing.csproj", "{55600D54-58A6-4CF8-8F6D-EA381683ADE6}"
EndProject
Project("{FAE04EC0-301F-11D3-BF4B-00C04F79EFBC}") = "CalculatorApp.Web", "CalculatorApp.Web\CalculatorApp.Web.csproj", "{4EDDCE1B-6A1C-4211-9FDF-F324B74A12C9}"
EndProject
Global
	GlobalSection(SolutionConfigurationPlatforms) = preSolution
		Debug|Any CPU = Debug|Any CPU
		Release|Any CPU = Release|Any CPU
	EndGlobalSection
	GlobalSection(ProjectConfigurationPlatforms) = postSolution
		{06E091C0-2F61-48B8-8554-C18F5C031DAF}.Debug|Any CPU.ActiveCfg = Debug|Any CPU
		{06E091C0-2F61-48B8-8554-C18F5C031DAF}.Debug|Any CPU.Build.0 = Debug|Any CPU
		{06E091C0-2F61-48B8-8554-C18F5C031DAF}.Release|Any CPU.ActiveCfg = Release|Any CPU
		{06E091C0-2F61-48B8-8554-C18F5C031DAF}.Release|Any CPU.Build.0 = Release|Any CPU
		{55600D54-58A6-4CF8-8F6D-EA381683ADE6}.Debug|Any CPU.ActiveCfg = Debug|Any CPU
		{55600D54-58A6-4CF8-8F6D-EA381683ADE6}.Debug|Any CPU.Build.0 = Debug|Any CPU
		{55600D54-58A6-4CF8-8F6D-EA381683ADE6}.Release|Any CPU.ActiveCfg = Release|Any CPU
		{55600D54-58A6-4CF8-8F6D-EA381683ADE6}.Release|Any CPU.Build.0 = Release|Any CPU
		{4EDDCE1B-6A1C-4211-9FDF-F324B74A12C9}.Debug|Any CPU.ActiveCfg = Debug|Any CPU
		{4EDDCE1B-6A1C-4211-9FDF-F324B74A12C9}.Debug|Any CPU.Build.0 = Debug|Any CPU
		{4EDDCE1B-6A1C-4211-9FDF-F324B74A12C9}.Release|Any CPU.ActiveCfg = Release|Any CPU
		{4EDDCE1B-6A1C-4211-9FDF-F324B74A12C9}.Release|Any CPU.Build.0 = Release|Any CPU
	EndGlobalSection
	GlobalSection(SolutionProperties) = preSolution
		HideSolutionNode = FALSE
	EndGlobalSection
EndGlobal
